
Microsoft Visual Studio Solution File, Format Version 12.00
# Visual Studio Version 16
VisualStudioVersion = 16.0.30803.129
MinimumVisualStudioVersion = 10.0.40219.1
Project("{FAE04EC0-301F-11D3-BF4B-00C04F79EFBC}") = "JustCrashWindows", "JustCrashWindows\JustCrashWindows.csproj", "{8C897B10-7CC4-4FFB-94E2-DD9E873B8A4F}"
EndProject
Global
	GlobalSection(SolutionConfigurationPlatforms) = preSolution
		Debug|Any CPU = Debug|Any CPU
		Release|Any CPU = Release|Any CPU
	EndGlobalSection
	GlobalSection(ProjectConfigurationPlatforms) = postSolution
		{8C897B10-7CC4-4FFB-94E2-DD9E873B8A4F}.Debug|Any CPU.ActiveCfg = Debug|Any CPU
		{8C897B10-7CC4-4FFB-94E2-DD9E873B8A4F}.Debug|Any CPU.Build.0 = Debug|Any CPU
		{8C897B10-7CC4-4FFB-94E2-DD9E873B8A4F}.Release|Any CPU.ActiveCfg = Release|Any CPU
		{8C897B10-7CC4-4FFB-94E2-DD9E873B8A4F}.Release|Any CPU.Build.0 = Release|Any CPU
	EndGlobalSection
	GlobalSection(SolutionProperties) = preSolution
		HideSolutionNode = FALSE
	EndGlobalSection
	GlobalSection(ExtensibilityGlobals) = postSolution
		SolutionGuid = {0E6424C1-DA2C-4283-9EC3-4BEEDC77D079}
	EndGlobalSection
EndGlobal
